
Microsoft Visual Studio Solution File, Format Version 12.00
# Visual Studio Version 17
VisualStudioVersion = 17.3.32929.385
MinimumVisualStudioVersion = 10.0.40219.1
Project("{FAE04EC0-301F-11D3-BF4B-00C04F79EFBC}") = "COR_project", "COR_project\COR_project.csproj", "{3EE04A56-DBBF-4041-A579-B0B826B66C09}"
EndProject
Global
	GlobalSection(SolutionConfigurationPlatforms) = preSolution
		Debug|Any CPU = Debug|Any CPU
		Release|Any CPU = Release|Any CPU
	EndGlobalSection
	GlobalSection(ProjectConfigurationPlatforms) = postSolution
		{3EE04A56-DBBF-4041-A579-B0B826B66C09}.Debug|Any CPU.ActiveCfg = Debug|Any CPU
		{3EE04A56-DBBF-4041-A579-B0B826B66C09}.Debug|Any CPU.Build.0 = Debug|Any CPU
		{3EE04A56-DBBF-4041-A579-B0B826B66C09}.Release|Any CPU.ActiveCfg = Release|Any CPU
		{3EE04A56-DBBF-4041-A579-B0B826B66C09}.Release|Any CPU.Build.0 = Release|Any CPU
	EndGlobalSection
	GlobalSection(SolutionProperties) = preSolution
		HideSolutionNode = FALSE
	EndGlobalSection
	GlobalSection(ExtensibilityGlobals) = postSolution
		SolutionGuid = {860BED09-0A36-422A-ACC3-31009FEF2D17}
	EndGlobalSection
EndGlobal
